{
  "name": "seb41_main_022",
  "lockfileVersion": 3,
  "requires": true,
  "packages": {
    "": {
      "dependencies": {
        "@fullcalendar/core": "^6.0.2",
        "@fullcalendar/daygrid": "^6.0.2",
        "@fullcalendar/react": "^6.0.2",
        "fullcalendar": "^6.0.2"
      }
    },
    "node_modules/@fullcalendar/core": {
      "version": "6.0.2",
      "resolved": "https://registry.npmjs.org/@fullcalendar/core/-/core-6.0.2.tgz",
      "integrity": "sha512-mpJ+8l2t6b98umrRG2FfDnMqEr0Z+wNT2SjY7H49V3wcj4oe3gwuty8GBYHG/vgxS+DXR/NcEvW1CsMQh4Cr/A==",
      "dependencies": {
        "preact": "^10.0.5"
      }
    },
    "node_modules/@fullcalendar/daygrid": {
      "version": "6.0.2",
      "resolved": "https://registry.npmjs.org/@fullcalendar/daygrid/-/daygrid-6.0.2.tgz",
      "integrity": "sha512-OoHo+HbKmunq2hy5K6T2390DmSwXIENxHBeKFPlUXHK48xD/zXQI3N1zRlZRd83+Yrq+vDF6l8ObO9PMu2leJw==",
      "peerDependencies": {
        "@fullcalendar/core": "~6.0.2"
      }
    },
    "node_modules/@fullcalendar/interaction": {
      "version": "6.0.2",
      "resolved": "https://registry.npmjs.org/@fullcalendar/interaction/-/interaction-6.0.2.tgz",
      "integrity": "sha512-RPWWCp6wdzVCc3XdcBUZuduFGX/mB8OrV2xBF5wrGFbGAZE3OYuEPcVnLF1SsC+pJVntG6z1fL5aQ/OM8nul9Q==",
      "peerDependencies": {
        "@fullcalendar/core": "~6.0.2"
      }
    },
    "node_modules/@fullcalendar/list": {
      "version": "6.0.2",
      "resolved": "https://registry.npmjs.org/@fullcalendar/list/-/list-6.0.2.tgz",
      "integrity": "sha512-xeTNqGgQvW6u2isX8P3IV8w19Jzn/4Fs6nNc5tiEs0WJ6zd1bYEfruzDL0WPMMmcydgpkv0YHTLMwlnlFeq9+g==",
      "peerDependencies": {
        "@fullcalendar/core": "~6.0.2"
      }
    },
    "node_modules/@fullcalendar/react": {
      "version": "6.0.2",
      "resolved": "https://registry.npmjs.org/@fullcalendar/react/-/react-6.0.2.tgz",
      "integrity": "sha512-/rL21DcgD3CGwrB/0zpqJxcWoK2rb/AF7rcuvwgjsmUCd7Xv9/syY7yuHbhIw3/WnFE3Qz7KL3u8vEjILwlwiA==",
      "peerDependencies": {
        "@fullcalendar/core": "~6.0.2",
        "react": "^16.7.0 || ^17 || ^18",
        "react-dom": "^16.7.0 || ^17 || ^18"
      }
    },
    "node_modules/@fullcalendar/timegrid": {
      "version": "6.0.2",
      "resolved": "https://registry.npmjs.org/@fullcalendar/timegrid/-/timegrid-6.0.2.tgz",
      "integrity": "sha512-wl6AWL7ZJhSEV/0SSg8ePeLdeNQD/ZuogncOzfpdYRBv3M4G7hKrGA5Gc9Exz7MrbC/0T9xnWVJvq8i2lK2U5g==",
      "dependencies": {
        "@fullcalendar/daygrid": "~6.0.2"
      },
      "peerDependencies": {
        "@fullcalendar/core": "~6.0.2"
      }
    },
    "node_modules/fullcalendar": {
      "version": "6.0.2",
      "resolved": "https://registry.npmjs.org/fullcalendar/-/fullcalendar-6.0.2.tgz",
      "integrity": "sha512-dH9jSAMX5Z0VcGWJh3hDFeoWIaDXI4y+XftWEf2b6GaT5EfzsDVM1cMwlirNG88bKBR2/miv+C0T0G6e5w8gzA==",
      "dependencies": {
        "@fullcalendar/core": "~6.0.2",
        "@fullcalendar/daygrid": "~6.0.2",
        "@fullcalendar/interaction": "~6.0.2",
        "@fullcalendar/list": "~6.0.2",
        "@fullcalendar/timegrid": "~6.0.2"
      }
    },
    "node_modules/preact": {
      "version": "10.11.3",
      "resolved": "https://registry.npmjs.org/preact/-/preact-10.11.3.tgz",
      "integrity": "sha512-eY93IVpod/zG3uMF22Unl8h9KkrcKIRs2EGar8hwLZZDU1lkjph303V9HZBwufh2s736U6VXuhD109LYqPoffg==",
      "funding": {
        "type": "opencollective",
        "url": "https://opencollective.com/preact"
      }
    }
  }
}
